
Microsoft Visual Studio Solution File, Format Version 12.00
# Visual Studio 14
VisualStudioVersion = 14.0.25420.1
MinimumVisualStudioVersion = 10.0.40219.1
Project("{FAE04EC0-301F-11D3-BF4B-00C04F79EFBC}") = "FileWatcherAPICLI", "FileWatcherAPICLI\FileWatcherAPICLI.csproj", "{40B37BB5-530B-4DA0-99D7-F0881481C588}"
EndProject
Project("{FAE04EC0-301F-11D3-BF4B-00C04F79EFBC}") = "FileWatcherAPI", "FileWatcherAPI\FileWatcherAPI.csproj", "{98CFC5B6-7D94-4C81-82BD-2DF121100E03}"
EndProject
Project("{FAE04EC0-301F-11D3-BF4B-00C04F79EFBC}") = "FileWatcherAPITests", "FileWatcherAPITests\FileWatcherAPITests.csproj", "{FBA8B5C8-CEAC-48E6-A696-1B9AA3CEBFAC}"
EndProject
Global
	GlobalSection(SolutionConfigurationPlatforms) = preSolution
		Debug|Any CPU = Debug|Any CPU
		Release|Any CPU = Release|Any CPU
	EndGlobalSection
	GlobalSection(ProjectConfigurationPlatforms) = postSolution
		{40B37BB5-530B-4DA0-99D7-F0881481C588}.Debug|Any CPU.ActiveCfg = Debug|Any CPU
		{40B37BB5-530B-4DA0-99D7-F0881481C588}.Debug|Any CPU.Build.0 = Debug|Any CPU
		{40B37BB5-530B-4DA0-99D7-F0881481C588}.Release|Any CPU.ActiveCfg = Release|Any CPU
		{40B37BB5-530B-4DA0-99D7-F0881481C588}.Release|Any CPU.Build.0 = Release|Any CPU
		{98CFC5B6-7D94-4C81-82BD-2DF121100E03}.Debug|Any CPU.ActiveCfg = Debug|Any CPU
		{98CFC5B6-7D94-4C81-82BD-2DF121100E03}.Debug|Any CPU.Build.0 = Debug|Any CPU
		{98CFC5B6-7D94-4C81-82BD-2DF121100E03}.Release|Any CPU.ActiveCfg = Release|Any CPU
		{98CFC5B6-7D94-4C81-82BD-2DF121100E03}.Release|Any CPU.Build.0 = Release|Any CPU
		{FBA8B5C8-CEAC-48E6-A696-1B9AA3CEBFAC}.Debug|Any CPU.ActiveCfg = Debug|Any CPU
		{FBA8B5C8-CEAC-48E6-A696-1B9AA3CEBFAC}.Debug|Any CPU.Build.0 = Debug|Any CPU
		{FBA8B5C8-CEAC-48E6-A696-1B9AA3CEBFAC}.Release|Any CPU.ActiveCfg = Release|Any CPU
		{FBA8B5C8-CEAC-48E6-A696-1B9AA3CEBFAC}.Release|Any CPU.Build.0 = Release|Any CPU
	EndGlobalSection
	GlobalSection(SolutionProperties) = preSolution
		HideSolutionNode = FALSE
	EndGlobalSection
EndGlobal
